// !$*UTF8*$!
{
	archiveVersion = 1;
	classes = {
	};
	objectVersion = 56;
	objects = {

/* Begin PBXBuildFile section */
		21FA208F2A6EE38A0028C95B /* MyVoiceApp.swift in Sources */ = {isa = PBXBuildFile; fileRef = 21FA208E2A6EE38A0028C95B /* MyVoiceApp.swift */; };
		21FA20912A6EE38A0028C95B /* ContentView.swift in Sources */ = {isa = PBXBuildFile; fileRef = 21FA20902A6EE38A0028C95B /* ContentView.swift */; };
		21FA20932A6EE38D0028C95B /* Assets.xcassets in Resources */ = {isa = PBXBuildFile; fileRef = 21FA20922A6EE38D0028C95B /* Assets.xcassets */; };
		21FA20962A6EE38D0028C95B /* Preview Assets.xcassets in Resources */ = {isa = PBXBuildFile; fileRef = 21FA20952A6EE38D0028C95B /* Preview Assets.xcassets */; };
		21FA20A02A6EE38D0028C95B /* MyVoiceTests.swift in Sources */ = {isa = PBXBuildFile; fileRef = 21FA209F2A6EE38D0028C95B /* MyVoiceTests.swift */; };
		21FA20AA2A6EE38E0028C95B /* MyVoiceUITests.swift in Sources */ = {isa = PBXBuildFile; fileRef = 21FA20A92A6EE38E0028C95B /* MyVoiceUITests.swift */; };
		21FA20AC2A6EE38E0028C95B /* MyVoiceUITestsLaunchTests.swift in Sources */ = {isa = PBXBuildFile; fileRef = 21FA20AB2A6EE38E0028C95B /* MyVoiceUITestsLaunchTests.swift */; };
/* End PBXBuildFile section */

/* Begin PBXContainerItemProxy section */
		21FA209C2A6EE38D0028C95B /* PBXContainerItemProxy */ = {
			isa = PBXContainerItemProxy;
			containerPortal = 21FA20832A6EE38A0028C95B /* Project object */;
			proxyType = 1;
			remoteGlobalIDString = 21FA208A2A6EE38A0028C95B;
			remoteInfo = MyVoice;
		};
		21FA20A62A6EE38D0028C95B /* PBXContainerItemProxy */ = {
			isa = PBXContainerItemProxy;
			containerPortal = 21FA20832A6EE38A0028C95B /* Project object */;
			proxyType = 1;
			remoteGlobalIDString = 21FA208A2A6EE38A0028C95B;
			remoteInfo = MyVoice;
		};
/* End PBXContainerItemProxy section */

/* Begin PBXFileReference section */
		21FA208B2A6EE38A0028C95B /* MyVoice.app */ = {isa = PBXFileReference; explicitFileType = wrapper.application; includeInIndex = 0; path = MyVoice.app; sourceTree = BUILT_PRODUCTS_DIR; };
		21FA208E2A6EE38A0028C95B /* MyVoiceApp.swift */ = {isa = PBXFileReference; lastKnownFileType = sourcecode.swift; path = MyVoiceApp.swift; sourceTree = "<group>"; };
		21FA20902A6EE38A0028C95B /* ContentView.swift */ = {isa = PBXFileReference; lastKnownFileType = sourcecode.swift; path = ContentView.swift; sourceTree = "<group>"; };
		21FA20922A6EE38D0028C95B /* Assets.xcassets */ = {isa = PBXFileReference; lastKnownFileType = folder.assetcatalog; path = Assets.xcassets; sourceTree = "<group>"; };
		21FA20952A6EE38D0028C95B /* Preview Assets.xcassets */ = {isa = PBXFileReference; lastKnownFileType = folder.assetcatalog; path = "Preview Assets.xcassets"; sourceTree = "<group>"; };
		21FA209B2A6EE38D0028C95B /* MyVoiceTests.xctest */ = {isa = PBXFileReference; explicitFileType = wrapper.cfbundle; includeInIndex = 0; path = MyVoiceTests.xctest; sourceTree = BUILT_PRODUCTS_DIR; };
		21FA209F2A6EE38D0028C95B /* MyVoiceTests.swift */ = {isa = PBXFileReference; lastKnownFileType = sourcecode.swift; path = MyVoiceTests.swift; sourceTree = "<group>"; };
		21FA20A52A6EE38D0028C95B /* MyVoiceUITests.xctest */ = {isa = PBXFileReference; explicitFileType = wrapper.cfbundle; includeInIndex = 0; path = MyVoiceUITests.xctest; sourceTree = BUILT_PRODUCTS_DIR; };
		21FA20A92A6EE38E0028C95B /* MyVoiceUITests.swift */ = {isa = PBXFileReference; lastKnownFileType = sourcecode.swift; path = MyVoiceUITests.swift; sourceTree = "<group>"; };
		21FA20AB2A6EE38E0028C95B /* MyVoiceUITestsLaunchTests.swift */ = {isa = PBXFileReference; lastKnownFileType = sourcecode.swift; path = MyVoiceUITestsLaunchTests.swift; sourceTree = "<group>"; };
/* End PBXFileReference section */

/* Begin PBXFrameworksBuildPhase section */
		21FA20882A6EE38A0028C95B /* Frameworks */ = {
			isa = PBXFrameworksBuildPhase;
			buildActionMask = 2147483647;
			files = (
			);
			runOnlyForDeploymentPostprocessing = 0;
		};
		21FA20982A6EE38D0028C95B /* Frameworks */ = {
			isa = PBXFrameworksBuildPhase;
			buildActionMask = 2147483647;
			files = (
			);
			runOnlyForDeploymentPostprocessing = 0;
		};
		21FA20A22A6EE38D0028C95B /* Frameworks */ = {
			isa = PBXFrameworksBuildPhase;
			buildActionMask = 2147483647;
			files = (
			);
			runOnlyForDeploymentPostprocessing = 0;
		};
/* End PBXFrameworksBuildPhase section */

/* Begin PBXGroup section */
		21FA20822A6EE38A0028C95B = {
			isa = PBXGroup;
			children = (
				21FA208D2A6EE38A0028C95B /* MyVoice */,
				21FA209E2A6EE38D0028C95B /* MyVoiceTests */,
				21FA20A82A6EE38D0028C95B /* MyVoiceUITests */,
				21FA208C2A6EE38A0028C95B /* Products */,
			);
			sourceTree = "<group>";
		};
		21FA208C2A6EE38A0028C95B /* Products */ = {
			isa = PBXGroup;
			children = (
				21FA208B2A6EE38A0028C95B /* MyVoice.app */,
				21FA209B2A6EE38D0028C95B /* MyVoiceTests.xctest */,
				21FA20A52A6EE38D0028C95B /* MyVoiceUITests.xctest */,
			);
			name = Products;
			sourceTree = "<group>";
		};
		21FA208D2A6EE38A0028C95B /* MyVoice */ = {
			isa = PBXGroup;
			children = (
				21FA208E2A6EE38A0028C95B /* MyVoiceApp.swift */,
				21FA20902A6EE38A0028C95B /* ContentView.swift */,
				21FA20922A6EE38D0028C95B /* Assets.xcassets */,
				21FA20942A6EE38D0028C95B /* Preview Content */,
			);
			path = MyVoice;
			sourceTree = "<group>";
		};
		21FA20942A6EE38D0028C95B /* Preview Content */ = {
			isa = PBXGroup;
			children = (
				21FA20952A6EE38D0028C95B /* Preview Assets.xcassets */,
			);
			path = "Preview Content";
			sourceTree = "<group>";
		};
		21FA209E2A6EE38D0028C95B /* MyVoiceTests */ = {
			isa = PBXGroup;
			children = (
				21FA209F2A6EE38D0028C95B /* MyVoiceTests.swift */,
			);
			path = MyVoiceTests;
			sourceTree = "<group>";
		};
		21FA20A82A6EE38D0028C95B /* MyVoiceUITests */ = {
			isa = PBXGroup;
			children = (
				21FA20A92A6EE38E0028C95B /* MyVoiceUITests.swift */,
				21FA20AB2A6EE38E0028C95B /* MyVoiceUITestsLaunchTests.swift */,
			);
			path = MyVoiceUITests;
			sourceTree = "<group>";
		};
/* End PBXGroup section */

/* Begin PBXNativeTarget section */
		21FA208A2A6EE38A0028C95B /* MyVoice */ = {
			isa = PBXNativeTarget;
			buildConfigurationList = 21FA20AF2A6EE38E0028C95B /* Build configuration list for PBXNativeTarget "MyVoice" */;
			buildPhases = (
				21FA20872A6EE38A0028C95B /* Sources */,
				21FA20882A6EE38A0028C95B /* Frameworks */,
				21FA20892A6EE38A0028C95B /* Resources */,
			);
			buildRules = (
			);
			dependencies = (
			);
			name = MyVoice;
			productName = MyVoice;
			productReference = 21FA208B2A6EE38A0028C95B /* MyVoice.app */;
			productType = "com.apple.product-type.application";
		};
		21FA209A2A6EE38D0028C95B /* MyVoiceTests */ = {
			isa = PBXNativeTarget;
			buildConfigurationList = 21FA20B22A6EE38E0028C95B /* Build configuration list for PBXNativeTarget "MyVoiceTests" */;
			buildPhases = (
				21FA20972A6EE38D0028C95B /* Sources */,
				21FA20982A6EE38D0028C95B /* Frameworks */,
				21FA20992A6EE38D0028C95B /* Resources */,
			);
			buildRules = (
			);
			dependencies = (
				21FA209D2A6EE38D0028C95B /* PBXTargetDependency */,
			);
			name = MyVoiceTests;
			productName = MyVoiceTests;
			productReference = 21FA209B2A6EE38D0028C95B /* MyVoiceTests.xctest */;
			productType = "com.apple.product-type.bundle.unit-test";
		};
		21FA20A42A6EE38D0028C95B /* MyVoiceUITests */ = {
			isa = PBXNativeTarget;
			buildConfigurationList = 21FA20B52A6EE38E0028C95B /* Build configuration list for PBXNativeTarget "MyVoiceUITests" */;
			buildPhases = (
				21FA20A12A6EE38D0028C95B /* Sources */,
				21FA20A22A6EE38D0028C95B /* Frameworks */,
				21FA20A32A6EE38D0028C95B /* Resources */,
			);
			buildRules = (
			);
			dependencies = (
				21FA20A72A6EE38D0028C95B /* PBXTargetDependency */,
			);
			name = MyVoiceUITests;
			productName = MyVoiceUITests;
			productReference = 21FA20A52A6EE38D0028C95B /* MyVoiceUITests.xctest */;
			productType = "com.apple.product-type.bundle.ui-testing";
		};
/* End PBXNativeTarget section */

/* Begin PBXProject section */
		21FA20832A6EE38A0028C95B /* Project object */ = {
			isa = PBXProject;
			attributes = {
				BuildIndependentTargetsInParallel = 1;
				LastSwiftUpdateCheck = 1430;
				LastUpgradeCheck = 1430;
				TargetAttributes = {
					21FA208A2A6EE38A0028C95B = {
						CreatedOnToolsVersion = 14.3.1;
					};
					21FA209A2A6EE38D0028C95B = {
						CreatedOnToolsVersion = 14.3.1;
						TestTargetID = 21FA208A2A6EE38A0028C95B;
					};
					21FA20A42A6EE38D0028C95B = {
						CreatedOnToolsVersion = 14.3.1;
						TestTargetID = 21FA208A2A6EE38A0028C95B;
					};
				};
			};
			buildConfigurationList = 21FA20862A6EE38A0028C95B /* Build configuration list for PBXProject "MyVoice" */;
			compatibilityVersion = "Xcode 14.0";
			developmentRegion = en;
			hasScannedForEncodings = 0;
			knownRegions = (
				en,
				Base,
			);
			mainGroup = 21FA20822A6EE38A0028C95B;
			productRefGroup = 21FA208C2A6EE38A0028C95B /* Products */;
			projectDirPath = "";
			projectRoot = "";
			targets = (
				21FA208A2A6EE38A0028C95B /* MyVoice */,
				21FA209A2A6EE38D0028C95B /* MyVoiceTests */,
				21FA20A42A6EE38D0028C95B /* MyVoiceUITests */,
			);
		};
/* End PBXProject section */

/* Begin PBXResourcesBuildPhase section */
		21FA20892A6EE38A0028C95B /* Resources */ = {
			isa = PBXResourcesBuildPhase;
			buildActionMask = 2147483647;
			files = (
				21FA20962A6EE38D0028C95B /* Preview Assets.xcassets in Resources */,
				21FA20932A6EE38D0028C95B /* Assets.xcassets in Resources */,
			);
			runOnlyForDeploymentPostprocessing = 0;
		};
		21FA20992A6EE38D0028C95B /* Resources */ = {
			isa = PBXResourcesBuildPhase;
			buildActionMask = 2147483647;
			files = (
			);
			runOnlyForDeploymentPostprocessing = 0;
		};
		21FA20A32A6EE38D0028C95B /* Resources */ = {
			isa = PBXResourcesBuildPhase;
			buildActionMask = 2147483647;
			files = (
			);
			runOnlyForDeploymentPostprocessing = 0;
		};
/* End PBXResourcesBuildPhase section */

/* Begin PBXSourcesBuildPhase section */
		21FA20872A6EE38A0028C95B /* Sources */ = {
			isa = PBXSourcesBuildPhase;
			buildActionMask = 2147483647;
			files = (
				21FA20912A6EE38A0028C95B /* ContentView.swift in Sources */,
				21FA208F2A6EE38A0028C95B /* MyVoiceApp.swift in Sources */,
			);
			runOnlyForDeploymentPostprocessing = 0;
		};
		21FA20972A6EE38D0028C95B /* Sources */ = {
			isa = PBXSourcesBuildPhase;
			buildActionMask = 2147483647;
			files = (
				21FA20A02A6EE38D0028C95B /* MyVoiceTests.swift in Sources */,
			);
			runOnlyForDeploymentPostprocessing = 0;
		};
		21FA20A12A6EE38D0028C95B /* Sources */ = {
			isa = PBXSourcesBuildPhase;
			buildActionMask = 2147483647;
			files = (
				21FA20AA2A6EE38E0028C95B /* MyVoiceUITests.swift in Sources */,
				21FA20AC2A6EE38E0028C95B /* MyVoiceUITestsLaunchTests.swift in Sources */,
			);
			runOnlyForDeploymentPostprocessing = 0;
		};
/* End PBXSourcesBuildPhase section */

/* Begin PBXTargetDependency section */
		21FA209D2A6EE38D0028C95B /* PBXTargetDependency */ = {
			isa = PBXTargetDependency;
			target = 21FA208A2A6EE38A0028C95B /* MyVoice */;
			targetProxy = 21FA209C2A6EE38D0028C95B /* PBXContainerItemProxy */;
		};
		21FA20A72A6EE38D0028C95B /* PBXTargetDependency */ = {
			isa = PBXTargetDependency;
			target = 21FA208A2A6EE38A0028C95B /* MyVoice */;
			targetProxy = 21FA20A62A6EE38D0028C95B /* PBXContainerItemProxy */;
		};
/* End PBXTargetDependency section */

/* Begin XCBuildConfiguration section */
		21FA20AD2A6EE38E0028C95B /* Debug */ = {
			isa = XCBuildConfiguration;
			buildSettings = {
				ALWAYS_SEARCH_USER_PATHS = NO;
				CLANG_ANALYZER_NONNULL = YES;
				CLANG_ANALYZER_NUMBER_OBJECT_CONVERSION = YES_AGGRESSIVE;
				CLANG_CXX_LANGUAGE_STANDARD = "gnu++20";
				CLANG_ENABLE_MODULES = YES;
				CLANG_ENABLE_OBJC_ARC = YES;
				CLANG_ENABLE_OBJC_WEAK = YES;
				CLANG_WARN_BLOCK_CAPTURE_AUTORELEASING = YES;
				CLANG_WARN_BOOL_CONVERSION = YES;
				CLANG_WARN_COMMA = YES;
				CLANG_WARN_CONSTANT_CONVERSION = YES;
				CLANG_WARN_DEPRECATED_OBJC_IMPLEMENTATIONS = YES;
				CLANG_WARN_DIRECT_OBJC_ISA_USAGE = YES_ERROR;
				CLANG_WARN_DOCUMENTATION_COMMENTS = YES;
				CLANG_WARN_EMPTY_BODY = YES;
				CLANG_WARN_ENUM_CONVERSION = YES;
				CLANG_WARN_INFINITE_RECURSION = YES;
				CLANG_WARN_INT_CONVERSION = YES;
				CLANG_WARN_NON_LITERAL_NULL_CONVERSION = YES;
				CLANG_WARN_OBJC_IMPLICIT_RETAIN_SELF = YES;
				CLANG_WARN_OBJC_LITERAL_CONVERSION = YES;
				CLANG_WARN_OBJC_ROOT_CLASS = YES_ERROR;
				CLANG_WARN_QUOTED_INCLUDE_IN_FRAMEWORK_HEADER = YES;
				CLANG_WARN_RANGE_LOOP_ANALYSIS = YES;
				CLANG_WARN_STRICT_PROTOTYPES = YES;
				CLANG_WARN_SUSPICIOUS_MOVE = YES;
				CLANG_WARN_UNGUARDED_AVAILABILITY = YES_AGGRESSIVE;
				CLANG_WARN_UNREACHABLE_CODE = YES;
				CLANG_WARN__DUPLICATE_METHOD_MATCH = YES;
				COPY_PHASE_STRIP = NO;
				DEBUG_INFORMATION_FORMAT = dwarf;
				ENABLE_STRICT_OBJC_MSGSEND = YES;
				ENABLE_TESTABILITY = YES;
				GCC_C_LANGUAGE_STANDARD = gnu11;
				GCC_DYNAMIC_NO_PIC = NO;
				GCC_NO_COMMON_BLOCKS = YES;
				GCC_OPTIMIZATION_LEVEL = 0;
				GCC_PREPROCESSOR_DEFINITIONS = (
					"DEBUG=1",
					"$(inherited)",
				);
				GCC_WARN_64_TO_32_BIT_CONVERSION = YES;
				GCC_WARN_ABOUT_RETURN_TYPE = YES_ERROR;
				GCC_WARN_UNDECLARED_SELECTOR = YES;
				GCC_WARN_UNINITIALIZED_AUTOS = YES_AGGRESSIVE;
				GCC_WARN_UNUSED_FUNCTION = YES;
				GCC_WARN_UNUSED_VARIABLE = YES;
				IPHONEOS_DEPLOYMENT_TARGET = 16.4;
				MTL_ENABLE_DEBUG_INFO = INCLUDE_SOURCE;
				MTL_FAST_MATH = YES;
				ONLY_ACTIVE_ARCH = YES;
				SDKROOT = iphoneos;
				SWIFT_ACTIVE_COMPILATION_CONDITIONS = DEBUG;
				SWIFT_OPTIMIZATION_LEVEL = "-Onone";
			};
			name = Debug;
		};
		21FA20AE2A6EE38E0028C95B /* Release */ = {
			isa = XCBuildConfiguration;
			buildSettings = {
				ALWAYS_SEARCH_USER_PATHS = NO;
				CLANG_ANALYZER_NONNULL = YES;
				CLANG_ANALYZER_NUMBER_OBJECT_CONVERSION = YES_AGGRESSIVE;
				CLANG_CXX_LANGUAGE_STANDARD = "gnu++20";
				CLANG_ENABLE_MODULES = YES;
				CLANG_ENABLE_OBJC_ARC = YES;
				CLANG_ENABLE_OBJC_WEAK = YES;
				CLANG_WARN_BLOCK_CAPTURE_AUTORELEASING = YES;
				CLANG_WARN_BOOL_CONVERSION = YES;
				CLANG_WARN_COMMA = YES;
				CLANG_WARN_CONSTANT_CONVERSION = YES;
				CLANG_WARN_DEPRECATED_OBJC_IMPLEMENTATIONS = YES;
				CLANG_WARN_DIRECT_OBJC_ISA_USAGE = YES_ERROR;
				CLANG_WARN_DOCUMENTATION_COMMENTS = YES;
				CLANG_WARN_EMPTY_BODY = YES;
				CLANG_WARN_ENUM_CONVERSION = YES;
				CLANG_WARN_INFINITE_RECURSION = YES;
				CLANG_WARN_INT_CONVERSION = YES;
				CLANG_WARN_NON_LITERAL_NULL_CONVERSION = YES;
				CLANG_WARN_OBJC_IMPLICIT_RETAIN_SELF = YES;
				CLANG_WARN_OBJC_LITERAL_CONVERSION = YES;
				CLANG_WARN_OBJC_ROOT_CLASS = YES_ERROR;
				CLANG_WARN_QUOTED_INCLUDE_IN_FRAMEWORK_HEADER = YES;
				CLANG_WARN_RANGE_LOOP_ANALYSIS = YES;
				CLANG_WARN_STRICT_PROTOTYPES = YES;
				CLANG_WARN_SUSPICIOUS_MOVE = YES;
				CLANG_WARN_UNGUARDED_AVAILABILITY = YES_AGGRESSIVE;
				CLANG_WARN_UNREACHABLE_CODE = YES;
				CLANG_WARN__DUPLICATE_METHOD_MATCH = YES;
				COPY_PHASE_STRIP = NO;
				DEBUG_INFORMATION_FORMAT = "dwarf-with-dsym";
				ENABLE_NS_ASSERTIONS = NO;
				ENABLE_STRICT_OBJC_MSGSEND = YES;
				GCC_C_LANGUAGE_STANDARD = gnu11;
				GCC_NO_COMMON_BLOCKS = YES;
				GCC_WARN_64_TO_32_BIT_CONVERSION = YES;
				GCC_WARN_ABOUT_RETURN_TYPE = YES_ERROR;
				GCC_WARN_UNDECLARED_SELECTOR = YES;
				GCC_WARN_UNINITIALIZED_AUTOS = YES_AGGRESSIVE;
				GCC_WARN_UNUSED_FUNCTION = YES;
				GCC_WARN_UNUSED_VARIABLE = YES;
				IPHONEOS_DEPLOYMENT_TARGET = 16.4;
				MTL_ENABLE_DEBUG_INFO = NO;
				MTL_FAST_MATH = YES;
				SDKROOT = iphoneos;
				SWIFT_COMPILATION_MODE = wholemodule;
				SWIFT_OPTIMIZATION_LEVEL = "-O";
				VALIDATE_PRODUCT = YES;
			};
			name = Release;
		};
		21FA20B02A6EE38E0028C95B /* Debug */ = {
			isa = XCBuildConfiguration;
			buildSettings = {
				ASSETCATALOG_COMPILER_APPICON_NAME = AppIcon;
				ASSETCATALOG_COMPILER_GLOBAL_ACCENT_COLOR_NAME = AccentColor;
				CODE_SIGN_STYLE = Automatic;
				CURRENT_PROJECT_VERSION = 1;
				DEVELOPMENT_ASSET_PATHS = "\"MyVoice/Preview Content\"";
				ENABLE_PREVIEWS = YES;
				GENERATE_INFOPLIST_FILE = YES;
				INFOPLIST_KEY_UIApplicationSceneManifest_Generation = YES;
				INFOPLIST_KEY_UIApplicationSupportsIndirectInputEvents = YES;
				INFOPLIST_KEY_UILaunchScreen_Generation = YES;
				INFOPLIST_KEY_UISupportedInterfaceOrientations_iPad = "UIInterfaceOrientationPortrait UIInterfaceOrientationPortraitUpsideDown UIInterfaceOrientationLandscapeLeft UIInterfaceOrientationLandscapeRight";
				INFOPLIST_KEY_UISupportedInterfaceOrientations_iPhone = "UIInterfaceOrientationPortrait UIInterfaceOrientationLandscapeLeft UIInterfaceOrientationLandscapeRight";
				LD_RUNPATH_SEARCH_PATHS = (
					"$(inherited)",
					"@executable_path/Frameworks",
				);
				MARKETING_VERSION = 1.0;
				PRODUCT_BUNDLE_IDENTIFIER = com.microsoft.MyVoice;
				PRODUCT_NAME = "$(TARGET_NAME)";
				SWIFT_EMIT_LOC_STRINGS = YES;
				SWIFT_VERSION = 5.0;
				TARGETED_DEVICE_FAMILY = "1,2";
			};
			name = Debug;
		};
		21FA20B12A6EE38E0028C95B /* Release */ = {
			isa = XCBuildConfiguration;
			buildSettings = {
				ASSETCATALOG_COMPILER_APPICON_NAME = AppIcon;
				ASSETCATALOG_COMPILER_GLOBAL_ACCENT_COLOR_NAME = AccentColor;
				CODE_SIGN_STYLE = Automatic;
				CURRENT_PROJECT_VERSION = 1;
				DEVELOPMENT_ASSET_PATHS = "\"MyVoice/Preview Content\"";
				ENABLE_PREVIEWS = YES;
				GENERATE_INFOPLIST_FILE = YES;
				INFOPLIST_KEY_UIApplicationSceneManifest_Generation = YES;
				INFOPLIST_KEY_UIApplicationSupportsIndirectInputEvents = YES;
				INFOPLIST_KEY_UILaunchScreen_Generation = YES;
				INFOPLIST_KEY_UISupportedInterfaceOrientations_iPad = "UIInterfaceOrientationPortrait UIInterfaceOrientationPortraitUpsideDown UIInterfaceOrientationLandscapeLeft UIInterfaceOrientationLandscapeRight";
				INFOPLIST_KEY_UISupportedInterfaceOrientations_iPhone = "UIInterfaceOrientationPortrait UIInterfaceOrientationLandscapeLeft UIInterfaceOrientationLandscapeRight";
				LD_RUNPATH_SEARCH_PATHS = (
					"$(inherited)",
					"@executable_path/Frameworks",
				);
				MARKETING_VERSION = 1.0;
				PRODUCT_BUNDLE_IDENTIFIER = com.microsoft.MyVoice;
				PRODUCT_NAME = "$(TARGET_NAME)";
				SWIFT_EMIT_LOC_STRINGS = YES;
				SWIFT_VERSION = 5.0;
				TARGETED_DEVICE_FAMILY = "1,2";
			};
			name = Release;
		};
		21FA20B32A6EE38E0028C95B /* Debug */ = {
			isa = XCBuildConfiguration;
			buildSettings = {
				ALWAYS_EMBED_SWIFT_STANDARD_LIBRARIES = YES;
				BUNDLE_LOADER = "$(TEST_HOST)";
				CODE_SIGN_STYLE = Automatic;
				CURRENT_PROJECT_VERSION = 1;
				GENERATE_INFOPLIST_FILE = YES;
				IPHONEOS_DEPLOYMENT_TARGET = 16.4;
				MARKETING_VERSION = 1.0;
				PRODUCT_BUNDLE_IDENTIFIER = com.microsoft.MyVoiceTests;
				PRODUCT_NAME = "$(TARGET_NAME)";
				SWIFT_EMIT_LOC_STRINGS = NO;
				SWIFT_VERSION = 5.0;
				TARGETED_DEVICE_FAMILY = "1,2";
				TEST_HOST = "$(BUILT_PRODUCTS_DIR)/MyVoice.app/$(BUNDLE_EXECUTABLE_FOLDER_PATH)/MyVoice";
			};
			name = Debug;
		};
		21FA20B42A6EE38E0028C95B /* Release */ = {
			isa = XCBuildConfiguration;
			buildSettings = {
				ALWAYS_EMBED_SWIFT_STANDARD_LIBRARIES = YES;
				BUNDLE_LOADER = "$(TEST_HOST)";
				CODE_SIGN_STYLE = Automatic;
				CURRENT_PROJECT_VERSION = 1;
				GENERATE_INFOPLIST_FILE = YES;
				IPHONEOS_DEPLOYMENT_TARGET = 16.4;
				MARKETING_VERSION = 1.0;
				PRODUCT_BUNDLE_IDENTIFIER = com.microsoft.MyVoiceTests;
				PRODUCT_NAME = "$(TARGET_NAME)";
				SWIFT_EMIT_LOC_STRINGS = NO;
				SWIFT_VERSION = 5.0;
				TARGETED_DEVICE_FAMILY = "1,2";
				TEST_HOST = "$(BUILT_PRODUCTS_DIR)/MyVoice.app/$(BUNDLE_EXECUTABLE_FOLDER_PATH)/MyVoice";
			};
			name = Release;
		};
		21FA20B62A6EE38E0028C95B /* Debug */ = {
			isa = XCBuildConfiguration;
			buildSettings = {
				ALWAYS_EMBED_SWIFT_STANDARD_LIBRARIES = YES;
				CODE_SIGN_STYLE = Automatic;
				CURRENT_PROJECT_VERSION = 1;
				GENERATE_INFOPLIST_FILE = YES;
				MARKETING_VERSION = 1.0;
				PRODUCT_BUNDLE_IDENTIFIER = com.microsoft.MyVoiceUITests;
				PRODUCT_NAME = "$(TARGET_NAME)";
				SWIFT_EMIT_LOC_STRINGS = NO;
				SWIFT_VERSION = 5.0;
				TARGETED_DEVICE_FAMILY = "1,2";
				TEST_TARGET_NAME = MyVoice;
			};
			name = Debug;
		};
		21FA20B72A6EE38E0028C95B /* Release */ = {
			isa = XCBuildConfiguration;
			buildSettings = {
				ALWAYS_EMBED_SWIFT_STANDARD_LIBRARIES = YES;
				CODE_SIGN_STYLE = Automatic;
				CURRENT_PROJECT_VERSION = 1;
				GENERATE_INFOPLIST_FILE = YES;
				MARKETING_VERSION = 1.0;
				PRODUCT_BUNDLE_IDENTIFIER = com.microsoft.MyVoiceUITests;
				PRODUCT_NAME = "$(TARGET_NAME)";
				SWIFT_EMIT_LOC_STRINGS = NO;
				SWIFT_VERSION = 5.0;
				TARGETED_DEVICE_FAMILY = "1,2";
				TEST_TARGET_NAME = MyVoice;
			};
			name = Release;
		};
/* End XCBuildConfiguration section */

/* Begin XCConfigurationList section */
		21FA20862A6EE38A0028C95B /* Build configuration list for PBXProject "MyVoice" */ = {
			isa = XCConfigurationList;
			buildConfigurations = (
				21FA20AD2A6EE38E0028C95B /* Debug */,
				21FA20AE2A6EE38E0028C95B /* Release */,
			);
			defaultConfigurationIsVisible = 0;
			defaultConfigurationName = Release;
		};
		21FA20AF2A6EE38E0028C95B /* Build configuration list for PBXNativeTarget "MyVoice" */ = {
			isa = XCConfigurationList;
			buildConfigurations = (
				21FA20B02A6EE38E0028C95B /* Debug */,
				21FA20B12A6EE38E0028C95B /* Release */,
			);
			defaultConfigurationIsVisible = 0;
			defaultConfigurationName = Release;
		};
		21FA20B22A6EE38E0028C95B /* Build configuration list for PBXNativeTarget "MyVoiceTests" */ = {
			isa = XCConfigurationList;
			buildConfigurations = (
				21FA20B32A6EE38E0028C95B /* Debug */,
				21FA20B42A6EE38E0028C95B /* Release */,
			);
			defaultConfigurationIsVisible = 0;
			defaultConfigurationName = Release;
		};
		21FA20B52A6EE38E0028C95B /* Build configuration list for PBXNativeTarget "MyVoiceUITests" */ = {
			isa = XCConfigurationList;
			buildConfigurations = (
				21FA20B62A6EE38E0028C95B /* Debug */,
				21FA20B72A6EE38E0028C95B /* Release */,
			);
			defaultConfigurationIsVisible = 0;
			defaultConfigurationName = Release;
		};
/* End XCConfigurationList section */
	};
	rootObject = 21FA20832A6EE38A0028C95B /* Project object */;
}
